// !$*UTF8*$!
{
	archiveVersion = 1;
	classes = {
	};
	objectVersion = 55;
	objects = {

/* Begin PBXBuildFile section */
		2C8CC490289DA9B300E5C64F /* AppDelegate.swift in Sources */ = {isa = PBXBuildFile; fileRef = 2C8CC48F289DA9B300E5C64F /* AppDelegate.swift */; };
		2C8CC492289DA9B300E5C64F /* SceneDelegate.swift in Sources */ = {isa = PBXBuildFile; fileRef = 2C8CC491289DA9B300E5C64F /* SceneDelegate.swift */; };
		2C8CC494289DA9B300E5C64F /* RGBViewController.swift in Sources */ = {isa = PBXBuildFile; fileRef = 2C8CC493289DA9B300E5C64F /* RGBViewController.swift */; };
		2C8CC497289DA9B300E5C64F /* Main.storyboard in Resources */ = {isa = PBXBuildFile; fileRef = 2C8CC495289DA9B300E5C64F /* Main.storyboard */; };
		2C8CC499289DA9B400E5C64F /* Assets.xcassets in Resources */ = {isa = PBXBuildFile; fileRef = 2C8CC498289DA9B400E5C64F /* Assets.xcassets */; };
		2C8CC49C289DA9B400E5C64F /* LaunchScreen.storyboard in Resources */ = {isa = PBXBuildFile; fileRef = 2C8CC49A289DA9B400E5C64F /* LaunchScreen.storyboard */; };
		2CA032A328A03B2800A26A39 /* MainViewController.swift in Sources */ = {isa = PBXBuildFile; fileRef = 2CA032A228A03B2800A26A39 /* MainViewController.swift */; };
		2CAE186F28B6BE530066BA4E /* WelcomViewControler.swift in Sources */ = {isa = PBXBuildFile; fileRef = 2CAE186E28B6BE530066BA4E /* WelcomViewControler.swift */; };
/* End PBXBuildFile section */

/* Begin PBXFileReference section */
		2C8CC48C289DA9B300E5C64F /* homeWorkRGB.app */ = {isa = PBXFileReference; explicitFileType = wrapper.application; includeInIndex = 0; path = homeWorkRGB.app; sourceTree = BUILT_PRODUCTS_DIR; };
		2C8CC48F289DA9B300E5C64F /* AppDelegate.swift */ = {isa = PBXFileReference; lastKnownFileType = sourcecode.swift; path = AppDelegate.swift; sourceTree = "<group>"; };
		2C8CC491289DA9B300E5C64F /* SceneDelegate.swift */ = {isa = PBXFileReference; lastKnownFileType = sourcecode.swift; path = SceneDelegate.swift; sourceTree = "<group>"; };
		2C8CC493289DA9B300E5C64F /* RGBViewController.swift */ = {isa = PBXFileReference; lastKnownFileType = sourcecode.swift; path = RGBViewController.swift; sourceTree = "<group>"; };
		2C8CC496289DA9B300E5C64F /* Base */ = {isa = PBXFileReference; lastKnownFileType = file.storyboard; name = Base; path = Base.lproj/Main.storyboard; sourceTree = "<group>"; };
		2C8CC498289DA9B400E5C64F /* Assets.xcassets */ = {isa = PBXFileReference; lastKnownFileType = folder.assetcatalog; path = Assets.xcassets; sourceTree = "<group>"; };
		2C8CC49B289DA9B400E5C64F /* Base */ = {isa = PBXFileReference; lastKnownFileType = file.storyboard; name = Base; path = Base.lproj/LaunchScreen.storyboard; sourceTree = "<group>"; };
		2C8CC49D289DA9B400E5C64F /* Info.plist */ = {isa = PBXFileReference; lastKnownFileType = text.plist.xml; path = Info.plist; sourceTree = "<group>"; };
		2CA032A228A03B2800A26A39 /* MainViewController.swift */ = {isa = PBXFileReference; lastKnownFileType = sourcecode.swift; path = MainViewController.swift; sourceTree = "<group>"; };
		2CAE186E28B6BE530066BA4E /* WelcomViewControler.swift */ = {isa = PBXFileReference; lastKnownFileType = sourcecode.swift; path = WelcomViewControler.swift; sourceTree = "<group>"; };
/* End PBXFileReference section */

/* Begin PBXFrameworksBuildPhase section */
		2C8CC489289DA9B300E5C64F /* Frameworks */ = {
			isa = PBXFrameworksBuildPhase;
			buildActionMask = 2147483647;
			files = (
			);
			runOnlyForDeploymentPostprocessing = 0;
		};
/* End PBXFrameworksBuildPhase section */

/* Begin PBXGroup section */
		2C8CC483289DA9B300E5C64F = {
			isa = PBXGroup;
			children = (
				2C8CC48E289DA9B300E5C64F /* homeWorkRGB */,
				2C8CC48D289DA9B300E5C64F /* Products */,
			);
			sourceTree = "<group>";
		};
		2C8CC48D289DA9B300E5C64F /* Products */ = {
			isa = PBXGroup;
			children = (
				2C8CC48C289DA9B300E5C64F /* homeWorkRGB.app */,
			);
			name = Products;
			sourceTree = "<group>";
		};
		2C8CC48E289DA9B300E5C64F /* homeWorkRGB */ = {
			isa = PBXGroup;
			children = (
				2C8CC48F289DA9B300E5C64F /* AppDelegate.swift */,
				2C8CC491289DA9B300E5C64F /* SceneDelegate.swift */,
				2CA032A228A03B2800A26A39 /* MainViewController.swift */,
				2C8CC493289DA9B300E5C64F /* RGBViewController.swift */,
				2C8CC495289DA9B300E5C64F /* Main.storyboard */,
				2C8CC498289DA9B400E5C64F /* Assets.xcassets */,
				2C8CC49A289DA9B400E5C64F /* LaunchScreen.storyboard */,
				2C8CC49D289DA9B400E5C64F /* Info.plist */,
				2CAE186E28B6BE530066BA4E /* WelcomViewControler.swift */,
			);
			path = homeWorkRGB;
			sourceTree = "<group>";
		};
/* End PBXGroup section */

/* Begin PBXNativeTarget section */
		2C8CC48B289DA9B300E5C64F /* homeWorkRGB */ = {
			isa = PBXNativeTarget;
			buildConfigurationList = 2C8CC4A0289DA9B400E5C64F /* Build configuration list for PBXNativeTarget "homeWorkRGB" */;
			buildPhases = (
				2C8CC488289DA9B300E5C64F /* Sources */,
				2C8CC489289DA9B300E5C64F /* Frameworks */,
				2C8CC48A289DA9B300E5C64F /* Resources */,
			);
			buildRules = (
			);
			dependencies = (
			);
			name = homeWorkRGB;
			productName = homeWorkRGB;
			productReference = 2C8CC48C289DA9B300E5C64F /* homeWorkRGB.app */;
			productType = "com.apple.product-type.application";
		};
/* End PBXNativeTarget section */

/* Begin PBXProject section */
		2C8CC484289DA9B300E5C64F /* Project object */ = {
			isa = PBXProject;
			attributes = {
				BuildIndependentTargetsInParallel = 1;
				LastSwiftUpdateCheck = 1340;
				LastUpgradeCheck = 1340;
				TargetAttributes = {
					2C8CC48B289DA9B300E5C64F = {
						CreatedOnToolsVersion = 13.4.1;
					};
				};
			};
			buildConfigurationList = 2C8CC487289DA9B300E5C64F /* Build configuration list for PBXProject "homeWorkRGB" */;
			compatibilityVersion = "Xcode 13.0";
			developmentRegion = en;
			hasScannedForEncodings = 0;
			knownRegions = (
				en,
				Base,
			);
			mainGroup = 2C8CC483289DA9B300E5C64F;
			productRefGroup = 2C8CC48D289DA9B300E5C64F /* Products */;
			projectDirPath = "";
			projectRoot = "";
			targets = (
				2C8CC48B289DA9B300E5C64F /* homeWorkRGB */,
			);
		};
/* End PBXProject section */

/* Begin PBXResourcesBuildPhase section */
		2C8CC48A289DA9B300E5C64F /* Resources */ = {
			isa = PBXResourcesBuildPhase;
			buildActionMask = 2147483647;
			files = (
				2C8CC49C289DA9B400E5C64F /* LaunchScreen.storyboard in Resources */,
				2C8CC499289DA9B400E5C64F /* Assets.xcassets in Resources */,
				2C8CC497289DA9B300E5C64F /* Main.storyboard in Resources */,
			);
			runOnlyForDeploymentPostprocessing = 0;
		};
/* End PBXResourcesBuildPhase section */

/* Begin PBXSourcesBuildPhase section */
		2C8CC488289DA9B300E5C64F /* Sources */ = {
			isa = PBXSourcesBuildPhase;
			buildActionMask = 2147483647;
			files = (
				2CAE186F28B6BE530066BA4E /* WelcomViewControler.swift in Sources */,
				2C8CC494289DA9B300E5C64F /* RGBViewController.swift in Sources */,
				2C8CC490289DA9B300E5C64F /* AppDelegate.swift in Sources */,
				2C8CC492289DA9B300E5C64F /* SceneDelegate.swift in Sources */,
				2CA032A328A03B2800A26A39 /* MainViewController.swift in Sources */,
			);
			runOnlyForDeploymentPostprocessing = 0;
		};
/* End PBXSourcesBuildPhase section */

/* Begin PBXVariantGroup section */
		2C8CC495289DA9B300E5C64F /* Main.storyboard */ = {
			isa = PBXVariantGroup;
			children = (
				2C8CC496289DA9B300E5C64F /* Base */,
			);
			name = Main.storyboard;
			sourceTree = "<group>";
		};
		2C8CC49A289DA9B400E5C64F /* LaunchScreen.storyboard */ = {
			isa = PBXVariantGroup;
			children = (
				2C8CC49B289DA9B400E5C64F /* Base */,
			);
			name = LaunchScreen.storyboard;
			sourceTree = "<group>";
		};
/* End PBXVariantGroup section */

/* Begin XCBuildConfiguration section */
		2C8CC49E289DA9B400E5C64F /* Debug */ = {
			isa = XCBuildConfiguration;
			buildSettings = {
				ALWAYS_SEARCH_USER_PATHS = NO;
				CLANG_ANALYZER_NONNULL = YES;
				CLANG_ANALYZER_NUMBER_OBJECT_CONVERSION = YES_AGGRESSIVE;
				CLANG_CXX_LANGUAGE_STANDARD = "gnu++17";
				CLANG_ENABLE_MODULES = YES;
				CLANG_ENABLE_OBJC_ARC = YES;
				CLANG_ENABLE_OBJC_WEAK = YES;
				CLANG_WARN_BLOCK_CAPTURE_AUTORELEASING = YES;
				CLANG_WARN_BOOL_CONVERSION = YES;
				CLANG_WARN_COMMA = YES;
				CLANG_WARN_CONSTANT_CONVERSION = YES;
				CLANG_WARN_DEPRECATED_OBJC_IMPLEMENTATIONS = YES;
				CLANG_WARN_DIRECT_OBJC_ISA_USAGE = YES_ERROR;
				CLANG_WARN_DOCUMENTATION_COMMENTS = YES;
				CLANG_WARN_EMPTY_BODY = YES;
				CLANG_WARN_ENUM_CONVERSION = YES;
				CLANG_WARN_INFINITE_RECURSION = YES;
				CLANG_WARN_INT_CONVERSION = YES;
				CLANG_WARN_NON_LITERAL_NULL_CONVERSION = YES;
				CLANG_WARN_OBJC_IMPLICIT_RETAIN_SELF = YES;
				CLANG_WARN_OBJC_LITERAL_CONVERSION = YES;
				CLANG_WARN_OBJC_ROOT_CLASS = YES_ERROR;
				CLANG_WARN_QUOTED_INCLUDE_IN_FRAMEWORK_HEADER = YES;
				CLANG_WARN_RANGE_LOOP_ANALYSIS = YES;
				CLANG_WARN_STRICT_PROTOTYPES = YES;
				CLANG_WARN_SUSPICIOUS_MOVE = YES;
				CLANG_WARN_UNGUARDED_AVAILABILITY = YES_AGGRESSIVE;
				CLANG_WARN_UNREACHABLE_CODE = YES;
				CLANG_WARN__DUPLICATE_METHOD_MATCH = YES;
				COPY_PHASE_STRIP = NO;
				DEBUG_INFORMATION_FORMAT = dwarf;
				ENABLE_STRICT_OBJC_MSGSEND = YES;
				ENABLE_TESTABILITY = YES;
				GCC_C_LANGUAGE_STANDARD = gnu11;
				GCC_DYNAMIC_NO_PIC = NO;
				GCC_NO_COMMON_BLOCKS = YES;
				GCC_OPTIMIZATION_LEVEL = 0;
				GCC_PREPROCESSOR_DEFINITIONS = (
					"DEBUG=1",
					"$(inherited)",
				);
				GCC_WARN_64_TO_32_BIT_CONVERSION = YES;
				GCC_WARN_ABOUT_RETURN_TYPE = YES_ERROR;
				GCC_WARN_UNDECLARED_SELECTOR = YES;
				GCC_WARN_UNINITIALIZED_AUTOS = YES_AGGRESSIVE;
				GCC_WARN_UNUSED_FUNCTION = YES;
				GCC_WARN_UNUSED_VARIABLE = YES;
				IPHONEOS_DEPLOYMENT_TARGET = 15.5;
				MTL_ENABLE_DEBUG_INFO = INCLUDE_SOURCE;
				MTL_FAST_MATH = YES;
				ONLY_ACTIVE_ARCH = YES;
				SDKROOT = iphoneos;
				SWIFT_ACTIVE_COMPILATION_CONDITIONS = DEBUG;
				SWIFT_OPTIMIZATION_LEVEL = "-Onone";
			};
			name = Debug;
		};
		2C8CC49F289DA9B400E5C64F /* Release */ = {
			isa = XCBuildConfiguration;
			buildSettings = {
				ALWAYS_SEARCH_USER_PATHS = NO;
				CLANG_ANALYZER_NONNULL = YES;
				CLANG_ANALYZER_NUMBER_OBJECT_CONVERSION = YES_AGGRESSIVE;
				CLANG_CXX_LANGUAGE_STANDARD = "gnu++17";
				CLANG_ENABLE_MODULES = YES;
				CLANG_ENABLE_OBJC_ARC = YES;
				CLANG_ENABLE_OBJC_WEAK = YES;
				CLANG_WARN_BLOCK_CAPTURE_AUTORELEASING = YES;
				CLANG_WARN_BOOL_CONVERSION = YES;
				CLANG_WARN_COMMA = YES;
				CLANG_WARN_CONSTANT_CONVERSION = YES;
				CLANG_WARN_DEPRECATED_OBJC_IMPLEMENTATIONS = YES;
				CLANG_WARN_DIRECT_OBJC_ISA_USAGE = YES_ERROR;
				CLANG_WARN_DOCUMENTATION_COMMENTS = YES;
				CLANG_WARN_EMPTY_BODY = YES;
				CLANG_WARN_ENUM_CONVERSION = YES;
				CLANG_WARN_INFINITE_RECURSION = YES;
				CLANG_WARN_INT_CONVERSION = YES;
				CLANG_WARN_NON_LITERAL_NULL_CONVERSION = YES;
				CLANG_WARN_OBJC_IMPLICIT_RETAIN_SELF = YES;
				CLANG_WARN_OBJC_LITERAL_CONVERSION = YES;
				CLANG_WARN_OBJC_ROOT_CLASS = YES_ERROR;
				CLANG_WARN_QUOTED_INCLUDE_IN_FRAMEWORK_HEADER = YES;
				CLANG_WARN_RANGE_LOOP_ANALYSIS = YES;
				CLANG_WARN_STRICT_PROTOTYPES = YES;
				CLANG_WARN_SUSPICIOUS_MOVE = YES;
				CLANG_WARN_UNGUARDED_AVAILABILITY = YES_AGGRESSIVE;
				CLANG_WARN_UNREACHABLE_CODE = YES;
				CLANG_WARN__DUPLICATE_METHOD_MATCH = YES;
				COPY_PHASE_STRIP = NO;
				DEBUG_INFORMATION_FORMAT = "dwarf-with-dsym";
				ENABLE_NS_ASSERTIONS = NO;
				ENABLE_STRICT_OBJC_MSGSEND = YES;
				GCC_C_LANGUAGE_STANDARD = gnu11;
				GCC_NO_COMMON_BLOCKS = YES;
				GCC_WARN_64_TO_32_BIT_CONVERSION = YES;
				GCC_WARN_ABOUT_RETURN_TYPE = YES_ERROR;
				GCC_WARN_UNDECLARED_SELECTOR = YES;
				GCC_WARN_UNINITIALIZED_AUTOS = YES_AGGRESSIVE;
				GCC_WARN_UNUSED_FUNCTION = YES;
				GCC_WARN_UNUSED_VARIABLE = YES;
				IPHONEOS_DEPLOYMENT_TARGET = 15.5;
				MTL_ENABLE_DEBUG_INFO = NO;
				MTL_FAST_MATH = YES;
				SDKROOT = iphoneos;
				SWIFT_COMPILATION_MODE = wholemodule;
				SWIFT_OPTIMIZATION_LEVEL = "-O";
				VALIDATE_PRODUCT = YES;
			};
			name = Release;
		};
		2C8CC4A1289DA9B400E5C64F /* Debug */ = {
			isa = XCBuildConfiguration;
			buildSettings = {
				ASSETCATALOG_COMPILER_APPICON_NAME = AppIcon;
				ASSETCATALOG_COMPILER_GLOBAL_ACCENT_COLOR_NAME = AccentColor;
				CODE_SIGN_STYLE = Automatic;
				CURRENT_PROJECT_VERSION = 1;
				DEVELOPMENT_TEAM = 8NS9F5293F;
				GENERATE_INFOPLIST_FILE = YES;
				INFOPLIST_FILE = homeWorkRGB/Info.plist;
				INFOPLIST_KEY_UIApplicationSupportsIndirectInputEvents = YES;
				INFOPLIST_KEY_UILaunchStoryboardName = LaunchScreen;
				INFOPLIST_KEY_UIMainStoryboardFile = Main;
				INFOPLIST_KEY_UISupportedInterfaceOrientations = UIInterfaceOrientationPortrait;
				INFOPLIST_KEY_UISupportedInterfaceOrientations_iPad = "UIInterfaceOrientationPortrait UIInterfaceOrientationPortraitUpsideDown UIInterfaceOrientationLandscapeLeft UIInterfaceOrientationLandscapeRight";
				INFOPLIST_KEY_UISupportedInterfaceOrientations_iPhone = "UIInterfaceOrientationPortrait UIInterfaceOrientationLandscapeLeft UIInterfaceOrientationLandscapeRight";
				LD_RUNPATH_SEARCH_PATHS = (
					"$(inherited)",
					"@executable_path/Frameworks",
				);
				MARKETING_VERSION = 1.0;
				PRODUCT_BUNDLE_IDENTIFIER = com.pz.6891.homeWorkRGB;
				PRODUCT_NAME = "$(TARGET_NAME)";
				SWIFT_EMIT_LOC_STRINGS = YES;
				SWIFT_VERSION = 5.0;
				TARGETED_DEVICE_FAMILY = "1,2";
			};
			name = Debug;
		};
		2C8CC4A2289DA9B400E5C64F /* Release */ = {
			isa = XCBuildConfiguration;
			buildSettings = {
				ASSETCATALOG_COMPILER_APPICON_NAME = AppIcon;
				ASSETCATALOG_COMPILER_GLOBAL_ACCENT_COLOR_NAME = AccentColor;
				CODE_SIGN_STYLE = Automatic;
				CURRENT_PROJECT_VERSION = 1;
				DEVELOPMENT_TEAM = 8NS9F5293F;
				GENERATE_INFOPLIST_FILE = YES;
				INFOPLIST_FILE = homeWorkRGB/Info.plist;
				INFOPLIST_KEY_UIApplicationSupportsIndirectInputEvents = YES;
				INFOPLIST_KEY_UILaunchStoryboardName = LaunchScreen;
				INFOPLIST_KEY_UIMainStoryboardFile = Main;
				INFOPLIST_KEY_UISupportedInterfaceOrientations = UIInterfaceOrientationPortrait;
				INFOPLIST_KEY_UISupportedInterfaceOrientations_iPad = "UIInterfaceOrientationPortrait UIInterfaceOrientationPortraitUpsideDown UIInterfaceOrientationLandscapeLeft UIInterfaceOrientationLandscapeRight";
				INFOPLIST_KEY_UISupportedInterfaceOrientations_iPhone = "UIInterfaceOrientationPortrait UIInterfaceOrientationLandscapeLeft UIInterfaceOrientationLandscapeRight";
				LD_RUNPATH_SEARCH_PATHS = (
					"$(inherited)",
					"@executable_path/Frameworks",
				);
				MARKETING_VERSION = 1.0;
				PRODUCT_BUNDLE_IDENTIFIER = com.pz.6891.homeWorkRGB;
				PRODUCT_NAME = "$(TARGET_NAME)";
				SWIFT_EMIT_LOC_STRINGS = YES;
				SWIFT_VERSION = 5.0;
				TARGETED_DEVICE_FAMILY = "1,2";
			};
			name = Release;
		};
/* End XCBuildConfiguration section */

/* Begin XCConfigurationList section */
		2C8CC487289DA9B300E5C64F /* Build configuration list for PBXProject "homeWorkRGB" */ = {
			isa = XCConfigurationList;
			buildConfigurations = (
				2C8CC49E289DA9B400E5C64F /* Debug */,
				2C8CC49F289DA9B400E5C64F /* Release */,
			);
			defaultConfigurationIsVisible = 0;
			defaultConfigurationName = Release;
		};
		2C8CC4A0289DA9B400E5C64F /* Build configuration list for PBXNativeTarget "homeWorkRGB" */ = {
			isa = XCConfigurationList;
			buildConfigurations = (
				2C8CC4A1289DA9B400E5C64F /* Debug */,
				2C8CC4A2289DA9B400E5C64F /* Release */,
			);
			defaultConfigurationIsVisible = 0;
			defaultConfigurationName = Release;
		};
/* End XCConfigurationList section */
	};
	rootObject = 2C8CC484289DA9B300E5C64F /* Project object */;
}
